<?xml version="1.0" encoding="utf-8"?>
<Project ToolsVersion="4.0" xmlns="http://schemas.microsoft.com/developer/msbuild/2003">
  <ItemGroup>
    <Filter Include="Source">
      <UniqueIdentifier>{4FC737F1-C7A5-4376-A066-2A32D752A2FF}</UniqueIdentifier>
      <Extensions>cpp;c;cc;cxx;c++;cppm;ixx;def;odl;idl;hpj;bat;asm;asmx</Extensions>
    </Filter>
    <Filter Include="Source\Math">
      <UniqueIdentifier>{4853d302-b75e-4040-a94d-4841ffb71adb}</UniqueIdentifier>
    </Filter>
  </ItemGroup>
  <ItemGroup>
    <ClInclude Include="Random.h">
      <Filter>Source</Filter>
    </ClInclude>
    <ClInclude Include="FileIO.h">
      <Filter>Source</Filter>
    </ClInclude>
    <ClInclude Include="Memory.h">
      <Filter>Source</Filter>
    </ClInclude>
    <ClInclude Include="Time.h">
      <Filter>Source</Filter>
    </ClInclude>
    <ClInclude Include="Core.h">
      <Filter>Source</Filter>
    </ClInclude>
    <ClInclude Include="Logger.h">
      <Filter>Source</Filter>
    </ClInclude>
    <ClInclude Include="Math\Vector3.h">
      <Filter>Source\Math</Filter>
    </ClInclude>
    <ClInclude Include="Math\Transform.h">
      <Filter>Source\Math</Filter>
    </ClInclude>
    <ClInclude Include="Math\Vector2.h">
      <Filter>Source\Math</Filter>
    </ClInclude>
    <ClInclude Include="Math\Color.h">
      <Filter>Source\Math</Filter>
    </ClInclude>
    <ClInclude Include="Math\MathUtils.h">
      <Filter>Source\Math</Filter>
    </ClInclude>
    <ClInclude Include="Math\Matrix22.h">
      <Filter>Source\Math</Filter>
    </ClInclude>
    <ClInclude Include="Math\Matrix33.h">
      <Filter>Source\Math</Filter>
    </ClInclude>
    <ClInclude Include="Json.h">
      <Filter>Source</Filter>
    </ClInclude>
    <ClInclude Include="Math\Rect.h">
      <Filter>Source\Math</Filter>
    </ClInclude>
    <ClInclude Include="StringUtils.h">
      <Filter>Source</Filter>
    </ClInclude>
  </ItemGroup>
  <ItemGroup>
    <ClCompile Include="FileIO.cpp">
      <Filter>Source</Filter>
    </ClCompile>
    <ClCompile Include="Memory.cpp">
      <Filter>Source</Filter>
    </ClCompile>
    <ClCompile Include="Time.cpp">
      <Filter>Source</Filter>
    </ClCompile>
    <ClCompile Include="Logger.cpp">
      <Filter>Source</Filter>
    </ClCompile>
    <ClCompile Include="Json.cpp">
      <Filter>Source</Filter>
    </ClCompile>
    <ClCompile Include="Math\Transform.cpp">
      <Filter>Source\Math</Filter>
    </ClCompile>
    <ClCompile Include="StringUtils.cpp">
      <Filter>Source</Filter>
    </ClCompile>
    <ClCompile Include="Math\MathUtils.cpp">
      <Filter>Source\Math</Filter>
    </ClCompile>
  </ItemGroup>
</Project>