<?xml version="1.0" encoding="utf-8"?>
<Project ToolsVersion="4.0" xmlns="http://schemas.microsoft.com/developer/msbuild/2003">
  <ItemGroup>
    <Filter Include="Source">
      <UniqueIdentifier>{4FC737F1-C7A5-4376-A066-2A32D752A2FF}</UniqueIdentifier>
      <Extensions>cpp;c;cc;cxx;c++;cppm;ixx;def;odl;idl;hpj;bat;asm;asmx</Extensions>
    </Filter>
    <Filter Include="Shaders">
      <UniqueIdentifier>{d5fe16ea-eda5-4592-bbfd-bbcb41bd4634}</UniqueIdentifier>
    </Filter>
    <Filter Include="Materials">
      <UniqueIdentifier>{1736be1f-7e15-46b6-8587-bb4f93aec6e2}</UniqueIdentifier>
    </Filter>
    <Filter Include="Scenes">
      <UniqueIdentifier>{c4fb34fd-004e-48fe-82a7-2805e0a0851a}</UniqueIdentifier>
    </Filter>
    <Filter Include="Shaders\Cubemap">
      <UniqueIdentifier>{3c80c6e5-9dce-49ed-ba01-b63056d95c01}</UniqueIdentifier>
    </Filter>
  </ItemGroup>
  <ItemGroup>
    <ClCompile Include="Main.cpp">
      <Filter>Source</Filter>
    </ClCompile>
    <ClCompile Include="World01.cpp">
      <Filter>Source</Filter>
    </ClCompile>
    <ClCompile Include="World02.cpp">
      <Filter>Source</Filter>
    </ClCompile>
    <ClCompile Include="World03.cpp">
      <Filter>Source</Filter>
    </ClCompile>
    <ClCompile Include="World04.cpp">
      <Filter>Source</Filter>
    </ClCompile>
    <ClCompile Include="World05.cpp">
      <Filter>Source</Filter>
    </ClCompile>
    <ClCompile Include="World06.cpp">
      <Filter>Source</Filter>
    </ClCompile>
    <ClCompile Include="World07.cpp">
      <Filter>Source</Filter>
    </ClCompile>
    <ClCompile Include="World08.cpp">
      <Filter>Source</Filter>
    </ClCompile>
  </ItemGroup>
  <ItemGroup>
    <ClInclude Include="World01.h">
      <Filter>Source</Filter>
    </ClInclude>
    <ClInclude Include="World02.h">
      <Filter>Source</Filter>
    </ClInclude>
    <ClInclude Include="World03.h">
      <Filter>Source</Filter>
    </ClInclude>
    <ClInclude Include="World04.h">
      <Filter>Source</Filter>
    </ClInclude>
    <ClInclude Include="World05.h">
      <Filter>Source</Filter>
    </ClInclude>
    <ClInclude Include="World06.h">
      <Filter>Source</Filter>
    </ClInclude>
    <ClInclude Include="World07.h">
      <Filter>Source</Filter>
    </ClInclude>
    <ClInclude Include="World08.h">
      <Filter>Source</Filter>
    </ClInclude>
  </ItemGroup>
  <ItemGroup>
    <None Include="..\..\Build\Assets\Shaders\unlit_color.prog">
      <Filter>Shaders</Filter>
    </None>
    <None Include="..\..\Build\Assets\Shaders\unlit_color.vert">
      <Filter>Shaders</Filter>
    </None>
    <None Include="..\..\Build\Assets\Shaders\unlit_color.frag">
      <Filter>Shaders</Filter>
    </None>
    <None Include="..\..\Build\Assets\Shaders\unlit_texture.frag">
      <Filter>Shaders</Filter>
    </None>
    <None Include="..\..\Build\Assets\Shaders\unlit_texture.prog">
      <Filter>Shaders</Filter>
    </None>
    <None Include="..\..\Build\Assets\Shaders\unlit_texture.vert">
      <Filter>Shaders</Filter>
    </None>
    <None Include="..\..\Build\Assets\Shaders\unlit_multitexture.frag">
      <Filter>Shaders</Filter>
    </None>
    <None Include="..\..\Build\Assets\Shaders\unlit_multitexture.prog">
      <Filter>Shaders</Filter>
    </None>
    <None Include="..\..\Build\Assets\Shaders\lit_texture.frag">
      <Filter>Shaders</Filter>
    </None>
    <None Include="..\..\Build\Assets\Shaders\lit_texture.prog">
      <Filter>Shaders</Filter>
    </None>
    <None Include="..\..\Build\Assets\Shaders\lit_texture.vert">
      <Filter>Shaders</Filter>
    </None>
    <None Include="..\..\Build\Assets\Shaders\lit_texture_gouraud.frag">
      <Filter>Shaders</Filter>
    </None>
    <None Include="..\..\Build\Assets\Shaders\lit_texture_gouraud.vert">
      <Filter>Shaders</Filter>
    </None>
    <None Include="..\..\Build\Assets\Shaders\multi_lit_texture.frag">
      <Filter>Shaders</Filter>
    </None>
    <None Include="..\..\Build\Assets\Shaders\multi_lit_texture.prog">
      <Filter>Shaders</Filter>
    </None>
    <None Include="..\..\Build\Assets\Materials\grid.mtrl">
      <Filter>Materials</Filter>
    </None>
    <None Include="..\..\Build\Assets\Materials\multi.mtrl">
      <Filter>Materials</Filter>
    </None>
    <None Include="..\..\Build\Assets\Materials\quad.mtrl">
      <Filter>Materials</Filter>
    </None>
    <None Include="..\..\Build\Assets\Materials\squirrel.mtrl">
      <Filter>Materials</Filter>
    </None>
    <None Include="..\..\Build\Assets\Scenes\scene.json">
      <Filter>Scenes</Filter>
    </None>
    <None Include="..\..\Build\Assets\Shaders\lit_phong.vert">
      <Filter>Shaders</Filter>
    </None>
    <None Include="..\..\Build\Assets\Shaders\lit_phong.prog">
      <Filter>Shaders</Filter>
    </None>
    <None Include="..\..\Build\Assets\Shaders\lit_phong.frag">
      <Filter>Shaders</Filter>
    </None>
    <None Include="..\..\Build\Assets\Materials\phong.mtrl">
      <Filter>Materials</Filter>
    </None>
    <None Include="..\..\Build\Assets\Shaders\lit_phong_normal.vert">
      <Filter>Shaders</Filter>
    </None>
    <None Include="..\..\Build\Assets\Shaders\lit_phong_normal.prog">
      <Filter>Shaders</Filter>
    </None>
    <None Include="..\..\Build\Assets\Shaders\lit_phong_normal.frag">
      <Filter>Shaders</Filter>
    </None>
    <None Include="..\..\Build\Assets\Materials\ogre.mtrl">
      <Filter>Materials</Filter>
    </None>
    <None Include="..\..\Build\Assets\Materials\skybox.mtrl">
      <Filter>Materials</Filter>
    </None>
    <None Include="..\..\Build\Assets\Shaders\skybox.prog">
      <Filter>Shaders\Cubemap</Filter>
    </None>
    <None Include="..\..\Build\Assets\Shaders\cubemap.frag">
      <Filter>Shaders\Cubemap</Filter>
    </None>
    <None Include="..\..\Build\Assets\Shaders\skybox.vert">
      <Filter>Shaders\Cubemap</Filter>
    </None>
    <None Include="..\..\Build\Assets\Shaders\reflection.vert">
      <Filter>Shaders\Cubemap</Filter>
    </None>
    <None Include="..\..\Build\Assets\Shaders\reflection.prog">
      <Filter>Shaders\Cubemap</Filter>
    </None>
    <None Include="..\..\Build\Assets\Materials\reflection.mtrl">
      <Filter>Materials</Filter>
    </None>
    <None Include="..\..\Build\Assets\Shaders\refraction.prog">
      <Filter>Shaders\Cubemap</Filter>
    </None>
    <None Include="..\..\Build\Assets\Shaders\refraction.vert">
      <Filter>Shaders\Cubemap</Filter>
    </None>
    <None Include="..\..\Build\Assets\Materials\refraction.mtrl">
      <Filter>Materials</Filter>
    </None>
    <None Include="..\..\Build\Assets\Materials\colosseum_skybox.mtrl">
      <Filter>Materials</Filter>
    </None>
    <None Include="..\..\Build\Assets\Materials\island_skybox.mtrl">
      <Filter>Materials</Filter>
    </None>
    <None Include="..\..\Build\Assets\Shaders\unlit_sprite.vert">
      <Filter>Shaders</Filter>
    </None>
    <None Include="..\..\Build\Assets\Shaders\unlit_sprite.prog">
      <Filter>Shaders</Filter>
    </None>
    <None Include="..\..\Build\Assets\Shaders\unlit_sprite.frag">
      <Filter>Shaders</Filter>
    </None>
    <None Include="..\..\Build\Assets\Materials\sprite.mtrl">
      <Filter>Materials</Filter>
    </None>
    <None Include="..\..\Build\Assets\Shaders\unlit_billboard.vert">
      <Filter>Shaders</Filter>
    </None>
    <None Include="..\..\Build\Assets\Shaders\unlit_billboard.prog">
      <Filter>Shaders</Filter>
    </None>
    <None Include="..\..\Build\Assets\Materials\tree.mtrl">
      <Filter>Materials</Filter>
    </None>
    <None Include="..\..\Build\Assets\Scenes\scene_framebuffer.json">
      <Filter>Scenes</Filter>
    </None>
    <None Include="..\..\Build\Assets\Materials\framebuffer.mtrl">
      <Filter>Materials</Filter>
    </None>
    <None Include="..\..\Build\Assets\Shaders\postprocess.vert">
      <Filter>Shaders</Filter>
    </None>
    <None Include="..\..\Build\Assets\Shaders\postprocess.prog">
      <Filter>Shaders</Filter>
    </None>
    <None Include="..\..\Build\Assets\Shaders\postprocess.frag">
      <Filter>Shaders</Filter>
    </None>
    <None Include="..\..\Build\Assets\Materials\postprocess.mtrl">
      <Filter>Materials</Filter>
    </None>
    <None Include="..\..\Build\Assets\Scenes\scene_shadowbuffer.json">
      <Filter>Scenes</Filter>
    </None>
    <None Include="..\..\Build\Assets\Fantasy\fantasy.mtrl">
      <Filter>Materials</Filter>
    </None>
    <None Include="..\..\Build\Assets\Materials\ui_light.mtrl">
      <Filter>Materials</Filter>
    </None>
    <None Include="..\..\Build\Assets\Shaders\shadow_depth.prog">
      <Filter>Shaders</Filter>
    </None>
    <None Include="..\..\Build\Assets\Shaders\shadow_depth.vert">
      <Filter>Shaders</Filter>
    </None>
    <None Include="..\..\Build\Assets\Shaders\shadow_depth.frag">
      <Filter>Shaders</Filter>
    </None>
    <None Include="..\..\Build\Assets\Shaders\cel_shader.frag">
      <Filter>Shaders</Filter>
    </None>
    <None Include="..\..\Build\Assets\Shaders\cel_shader.prog">
      <Filter>Shaders</Filter>
    </None>
    <None Include="..\..\Build\Assets\Materials\fantasy_cel.mtrl">
      <Filter>Materials</Filter>
    </None>
    <None Include="..\..\Build\Assets\Materials\cel.mtrl">
      <Filter>Materials</Filter>
    </None>
    <None Include="..\..\Build\Assets\Scenes\scene_cel.json">
      <Filter>Scenes</Filter>
    </None>
  </ItemGroup>
</Project>